hash: cfcc4de62efcee59b2e33a6d509607e900b8779196f7d7d3066189eb061c7edd
updated: 2017-10-14T11:51:38.082931285+09:00
imports:
- name: github.com/go-sql-driver/mysql
  version: 4ac31a97ccff97de60ba3c630bfb4733c1bb6d0e
- name: github.com/gorilla/context
  version: 08b5f424b9271eedf6f9f0ce86cb9396ed337a42
- name: github.com/gorilla/mux
  version: cf79e51a62d8219d52060dfc1b4e810414ba2d15
testImports: []
